
Microsoft Visual Studio Solution File, Format Version 12.00
# Visual Studio Version 17
VisualStudioVersion = 17.11.35327.3
MinimumVisualStudioVersion = 10.0.40219.1
Project("{9A19103F-16F7-4668-BE54-9A1E7A4F7556}") = "MusicRecordsRepository", "MusicRecordsRepository\MusicRecordsRepository.csproj", "{7BAAD9DB-C6B2-43E2-A4BE-D0FEEAB9960B}"
EndProject
Project("{FAE04EC0-301F-11D3-BF4B-00C04F79EFBC}") = "MusicRecordsUnitTest", "MusicRecordsUnitTest\MusicRecordsUnitTest.csproj", "{A0998F02-B322-48F7-BAEA-CE6F7CF07FF7}"
EndProject
Global
	GlobalSection(SolutionConfigurationPlatforms) = preSolution
		Debug|Any CPU = Debug|Any CPU
		Release|Any CPU = Release|Any CPU
	EndGlobalSection
	GlobalSection(ProjectConfigurationPlatforms) = postSolution
		{7BAAD9DB-C6B2-43E2-A4BE-D0FEEAB9960B}.Debug|Any CPU.ActiveCfg = Debug|Any CPU
		{7BAAD9DB-C6B2-43E2-A4BE-D0FEEAB9960B}.Debug|Any CPU.Build.0 = Debug|Any CPU
		{7BAAD9DB-C6B2-43E2-A4BE-D0FEEAB9960B}.Release|Any CPU.ActiveCfg = Release|Any CPU
		{7BAAD9DB-C6B2-43E2-A4BE-D0FEEAB9960B}.Release|Any CPU.Build.0 = Release|Any CPU
		{A0998F02-B322-48F7-BAEA-CE6F7CF07FF7}.Debug|Any CPU.ActiveCfg = Debug|Any CPU
		{A0998F02-B322-48F7-BAEA-CE6F7CF07FF7}.Debug|Any CPU.Build.0 = Debug|Any CPU
		{A0998F02-B322-48F7-BAEA-CE6F7CF07FF7}.Release|Any CPU.ActiveCfg = Release|Any CPU
		{A0998F02-B322-48F7-BAEA-CE6F7CF07FF7}.Release|Any CPU.Build.0 = Release|Any CPU
	EndGlobalSection
	GlobalSection(SolutionProperties) = preSolution
		HideSolutionNode = FALSE
	EndGlobalSection
	GlobalSection(ExtensibilityGlobals) = postSolution
		SolutionGuid = {6161C652-B076-4450-B944-85B33F97B9AD}
	EndGlobalSection
EndGlobal
